
Microsoft Visual Studio Solution File, Format Version 12.00
# Visual Studio 15
VisualStudioVersion = 15.0.27130.2036
MinimumVisualStudioVersion = 10.0.40219.1
Project("{FAE04EC0-301F-11D3-BF4B-00C04F79EFBC}") = "M101N.FinalExam.Question7", "M101N.FinalExam.Question7\M101N.FinalExam.Question7.csproj", "{A6CDEDFD-1EF6-4B3E-BD3C-BC2421CBA198}"
EndProject
Global
	GlobalSection(SolutionConfigurationPlatforms) = preSolution
		Debug|Any CPU = Debug|Any CPU
		Release|Any CPU = Release|Any CPU
	EndGlobalSection
	GlobalSection(ProjectConfigurationPlatforms) = postSolution
		{A6CDEDFD-1EF6-4B3E-BD3C-BC2421CBA198}.Debug|Any CPU.ActiveCfg = Debug|Any CPU
		{A6CDEDFD-1EF6-4B3E-BD3C-BC2421CBA198}.Debug|Any CPU.Build.0 = Debug|Any CPU
		{A6CDEDFD-1EF6-4B3E-BD3C-BC2421CBA198}.Release|Any CPU.ActiveCfg = Release|Any CPU
		{A6CDEDFD-1EF6-4B3E-BD3C-BC2421CBA198}.Release|Any CPU.Build.0 = Release|Any CPU
	EndGlobalSection
	GlobalSection(SolutionProperties) = preSolution
		HideSolutionNode = FALSE
	EndGlobalSection
	GlobalSection(ExtensibilityGlobals) = postSolution
		SolutionGuid = {4E1B19C6-A541-4699-AC88-C35272529A19}
	EndGlobalSection
EndGlobal
